// !$*UTF8*$!
{
	archiveVersion = 1;
	classes = {
	};
	objectVersion = 50;
	objects = {

/* Begin PBXBuildFile section */
		84F28BC922864A91009A6598 /* AppDelegate.swift in Sources */ = {isa = PBXBuildFile; fileRef = 84F28BC822864A91009A6598 /* AppDelegate.swift */; };
		84F28BCB22864A91009A6598 /* ViewController.swift in Sources */ = {isa = PBXBuildFile; fileRef = 84F28BCA22864A91009A6598 /* ViewController.swift */; };
		84F28BCE22864A91009A6598 /* Main.storyboard in Resources */ = {isa = PBXBuildFile; fileRef = 84F28BCC22864A91009A6598 /* Main.storyboard */; };
		84F28BD022864A92009A6598 /* Assets.xcassets in Resources */ = {isa = PBXBuildFile; fileRef = 84F28BCF22864A92009A6598 /* Assets.xcassets */; };
		84F28BD322864A92009A6598 /* LaunchScreen.storyboard in Resources */ = {isa = PBXBuildFile; fileRef = 84F28BD122864A92009A6598 /* LaunchScreen.storyboard */; };
		84F28BDB22864AB1009A6598 /* FlowerClassifier.mlmodel in Sources */ = {isa = PBXBuildFile; fileRef = 84F28BDA22864AB1009A6598 /* FlowerClassifier.mlmodel */; };
		8660C57548DE6EC8CE8CDB5D /* Pods_Flower_Recognition_App.framework in Frameworks */ = {isa = PBXBuildFile; fileRef = E21845B1F1E4DC5E530DFF4A /* Pods_Flower_Recognition_App.framework */; };
/* End PBXBuildFile section */

/* Begin PBXFileReference section */
		29813F613F07F4FE79009C4F /* Pods-Flower Recognition App.debug.xcconfig */ = {isa = PBXFileReference; includeInIndex = 1; lastKnownFileType = text.xcconfig; name = "Pods-Flower Recognition App.debug.xcconfig"; path = "Target Support Files/Pods-Flower Recognition App/Pods-Flower Recognition App.debug.xcconfig"; sourceTree = "<group>"; };
		84F28BC522864A91009A6598 /* Flower Recognition App.app */ = {isa = PBXFileReference; explicitFileType = wrapper.application; includeInIndex = 0; path = "Flower Recognition App.app"; sourceTree = BUILT_PRODUCTS_DIR; };
		84F28BC822864A91009A6598 /* AppDelegate.swift */ = {isa = PBXFileReference; lastKnownFileType = sourcecode.swift; path = AppDelegate.swift; sourceTree = "<group>"; };
		84F28BCA22864A91009A6598 /* ViewController.swift */ = {isa = PBXFileReference; lastKnownFileType = sourcecode.swift; path = ViewController.swift; sourceTree = "<group>"; };
		84F28BCD22864A91009A6598 /* Base */ = {isa = PBXFileReference; lastKnownFileType = file.storyboard; name = Base; path = Base.lproj/Main.storyboard; sourceTree = "<group>"; };
		84F28BCF22864A92009A6598 /* Assets.xcassets */ = {isa = PBXFileReference; lastKnownFileType = folder.assetcatalog; path = Assets.xcassets; sourceTree = "<group>"; };
		84F28BD222864A92009A6598 /* Base */ = {isa = PBXFileReference; lastKnownFileType = file.storyboard; name = Base; path = Base.lproj/LaunchScreen.storyboard; sourceTree = "<group>"; };
		84F28BD422864A92009A6598 /* Info.plist */ = {isa = PBXFileReference; lastKnownFileType = text.plist.xml; path = Info.plist; sourceTree = "<group>"; };
		84F28BDA22864AB1009A6598 /* FlowerClassifier.mlmodel */ = {isa = PBXFileReference; lastKnownFileType = file.mlmodel; path = FlowerClassifier.mlmodel; sourceTree = "<group>"; };
		E21845B1F1E4DC5E530DFF4A /* Pods_Flower_Recognition_App.framework */ = {isa = PBXFileReference; explicitFileType = wrapper.framework; includeInIndex = 0; path = Pods_Flower_Recognition_App.framework; sourceTree = BUILT_PRODUCTS_DIR; };
		F6A7F64E85335D6BE9D48BEB /* Pods-Flower Recognition App.release.xcconfig */ = {isa = PBXFileReference; includeInIndex = 1; lastKnownFileType = text.xcconfig; name = "Pods-Flower Recognition App.release.xcconfig"; path = "Target Support Files/Pods-Flower Recognition App/Pods-Flower Recognition App.release.xcconfig"; sourceTree = "<group>"; };
/* End PBXFileReference section */

/* Begin PBXFrameworksBuildPhase section */
		84F28BC222864A91009A6598 /* Frameworks */ = {
			isa = PBXFrameworksBuildPhase;
			buildActionMask = 2147483647;
			files = (
				8660C57548DE6EC8CE8CDB5D /* Pods_Flower_Recognition_App.framework in Frameworks */,
			);
			runOnlyForDeploymentPostprocessing = 0;
		};
/* End PBXFrameworksBuildPhase section */

/* Begin PBXGroup section */
		84F28BBC22864A91009A6598 = {
			isa = PBXGroup;
			children = (
				84F28BC722864A91009A6598 /* Flower Recognition App */,
				84F28BC622864A91009A6598 /* Products */,
				8CCB33C984CC2216720136C6 /* Pods */,
				8D1EC4EB52F77E01A240B19D /* Frameworks */,
			);
			sourceTree = "<group>";
		};
		84F28BC622864A91009A6598 /* Products */ = {
			isa = PBXGroup;
			children = (
				84F28BC522864A91009A6598 /* Flower Recognition App.app */,
			);
			name = Products;
			sourceTree = "<group>";
		};
		84F28BC722864A91009A6598 /* Flower Recognition App */ = {
			isa = PBXGroup;
			children = (
				84F28BC822864A91009A6598 /* AppDelegate.swift */,
				84F28BCA22864A91009A6598 /* ViewController.swift */,
				84F28BCC22864A91009A6598 /* Main.storyboard */,
				84F28BCF22864A92009A6598 /* Assets.xcassets */,
				84F28BD122864A92009A6598 /* LaunchScreen.storyboard */,
				84F28BD422864A92009A6598 /* Info.plist */,
				84F28BDA22864AB1009A6598 /* FlowerClassifier.mlmodel */,
			);
			path = "Flower Recognition App";
			sourceTree = "<group>";
		};
		8CCB33C984CC2216720136C6 /* Pods */ = {
			isa = PBXGroup;
			children = (
				29813F613F07F4FE79009C4F /* Pods-Flower Recognition App.debug.xcconfig */,
				F6A7F64E85335D6BE9D48BEB /* Pods-Flower Recognition App.release.xcconfig */,
			);
			path = Pods;
			sourceTree = "<group>";
		};
		8D1EC4EB52F77E01A240B19D /* Frameworks */ = {
			isa = PBXGroup;
			children = (
				E21845B1F1E4DC5E530DFF4A /* Pods_Flower_Recognition_App.framework */,
			);
			name = Frameworks;
			sourceTree = "<group>";
		};
/* End PBXGroup section */

/* Begin PBXNativeTarget section */
		84F28BC422864A91009A6598 /* Flower Recognition App */ = {
			isa = PBXNativeTarget;
			buildConfigurationList = 84F28BD722864A92009A6598 /* Build configuration list for PBXNativeTarget "Flower Recognition App" */;
			buildPhases = (
				5ADAEB3F228074223E968043 /* [CP] Check Pods Manifest.lock */,
				84F28BC122864A91009A6598 /* Sources */,
				84F28BC222864A91009A6598 /* Frameworks */,
				84F28BC322864A91009A6598 /* Resources */,
				1E55BD6CE8D56312FFDA5CF1 /* [CP] Embed Pods Frameworks */,
			);
			buildRules = (
			);
			dependencies = (
			);
			name = "Flower Recognition App";
			productName = "Flower Recognition App";
			productReference = 84F28BC522864A91009A6598 /* Flower Recognition App.app */;
			productType = "com.apple.product-type.application";
		};
/* End PBXNativeTarget section */

/* Begin PBXProject section */
		84F28BBD22864A91009A6598 /* Project object */ = {
			isa = PBXProject;
			attributes = {
				LastSwiftUpdateCheck = 1020;
				LastUpgradeCheck = 1020;
				ORGANIZATIONNAME = "Dennis M";
				TargetAttributes = {
					84F28BC422864A91009A6598 = {
						CreatedOnToolsVersion = 10.2.1;
					};
				};
			};
			buildConfigurationList = 84F28BC022864A91009A6598 /* Build configuration list for PBXProject "Flower Recognition App" */;
			compatibilityVersion = "Xcode 9.3";
			developmentRegion = en;
			hasScannedForEncodings = 0;
			knownRegions = (
				en,
				Base,
			);
			mainGroup = 84F28BBC22864A91009A6598;
			productRefGroup = 84F28BC622864A91009A6598 /* Products */;
			projectDirPath = "";
			projectRoot = "";
			targets = (
				84F28BC422864A91009A6598 /* Flower Recognition App */,
			);
		};
/* End PBXProject section */

/* Begin PBXResourcesBuildPhase section */
		84F28BC322864A91009A6598 /* Resources */ = {
			isa = PBXResourcesBuildPhase;
			buildActionMask = 2147483647;
			files = (
				84F28BD322864A92009A6598 /* LaunchScreen.storyboard in Resources */,
				84F28BD022864A92009A6598 /* Assets.xcassets in Resources */,
				84F28BCE22864A91009A6598 /* Main.storyboard in Resources */,
			);
			runOnlyForDeploymentPostprocessing = 0;
		};
/* End PBXResourcesBuildPhase section */

/* Begin PBXShellScriptBuildPhase section */
		1E55BD6CE8D56312FFDA5CF1 /* [CP] Embed Pods Frameworks */ = {
			isa = PBXShellScriptBuildPhase;
			buildActionMask = 2147483647;
			files = (
			);
			inputFileListPaths = (
			);
			inputPaths = (
				"${PODS_ROOT}/Target Support Files/Pods-Flower Recognition App/Pods-Flower Recognition App-frameworks.sh",
				"${BUILT_PRODUCTS_DIR}/Alamofire/Alamofire.framework",
				"${BUILT_PRODUCTS_DIR}/SwiftyJSON/SwiftyJSON.framework",
			);
			name = "[CP] Embed Pods Frameworks";
			outputFileListPaths = (
			);
			outputPaths = (
				"${TARGET_BUILD_DIR}/${FRAMEWORKS_FOLDER_PATH}/Alamofire.framework",
				"${TARGET_BUILD_DIR}/${FRAMEWORKS_FOLDER_PATH}/SwiftyJSON.framework",
			);
			runOnlyForDeploymentPostprocessing = 0;
			shellPath = /bin/sh;
			shellScript = "\"${PODS_ROOT}/Target Support Files/Pods-Flower Recognition App/Pods-Flower Recognition App-frameworks.sh\"\n";
			showEnvVarsInLog = 0;
		};
		5ADAEB3F228074223E968043 /* [CP] Check Pods Manifest.lock */ = {
			isa = PBXShellScriptBuildPhase;
			buildActionMask = 2147483647;
			files = (
			);
			inputFileListPaths = (
			);
			inputPaths = (
				"${PODS_PODFILE_DIR_PATH}/Podfile.lock",
				"${PODS_ROOT}/Manifest.lock",
			);
			name = "[CP] Check Pods Manifest.lock";
			outputFileListPaths = (
			);
			outputPaths = (
				"$(DERIVED_FILE_DIR)/Pods-Flower Recognition App-checkManifestLockResult.txt",
			);
			runOnlyForDeploymentPostprocessing = 0;
			shellPath = /bin/sh;
			shellScript = "diff \"${PODS_PODFILE_DIR_PATH}/Podfile.lock\" \"${PODS_ROOT}/Manifest.lock\" > /dev/null\nif [ $? != 0 ] ; then\n    # print error to STDERR\n    echo \"error: The sandbox is not in sync with the Podfile.lock. Run 'pod install' or update your CocoaPods installation.\" >&2\n    exit 1\nfi\n# This output is used by Xcode 'outputs' to avoid re-running this script phase.\necho \"SUCCESS\" > \"${SCRIPT_OUTPUT_FILE_0}\"\n";
			showEnvVarsInLog = 0;
		};
/* End PBXShellScriptBuildPhase section */

/* Begin PBXSourcesBuildPhase section */
		84F28BC122864A91009A6598 /* Sources */ = {
			isa = PBXSourcesBuildPhase;
			buildActionMask = 2147483647;
			files = (
				84F28BDB22864AB1009A6598 /* FlowerClassifier.mlmodel in Sources */,
				84F28BCB22864A91009A6598 /* ViewController.swift in Sources */,
				84F28BC922864A91009A6598 /* AppDelegate.swift in Sources */,
			);
			runOnlyForDeploymentPostprocessing = 0;
		};
/* End PBXSourcesBuildPhase section */

/* Begin PBXVariantGroup section */
		84F28BCC22864A91009A6598 /* Main.storyboard */ = {
			isa = PBXVariantGroup;
			children = (
				84F28BCD22864A91009A6598 /* Base */,
			);
			name = Main.storyboard;
			sourceTree = "<group>";
		};
		84F28BD122864A92009A6598 /* LaunchScreen.storyboard */ = {
			isa = PBXVariantGroup;
			children = (
				84F28BD222864A92009A6598 /* Base */,
			);
			name = LaunchScreen.storyboard;
			sourceTree = "<group>";
		};
/* End PBXVariantGroup section */

/* Begin XCBuildConfiguration section */
		84F28BD522864A92009A6598 /* Debug */ = {
			isa = XCBuildConfiguration;
			buildSettings = {
				ALWAYS_SEARCH_USER_PATHS = NO;
				CLANG_ANALYZER_NONNULL = YES;
				CLANG_ANALYZER_NUMBER_OBJECT_CONVERSION = YES_AGGRESSIVE;
				CLANG_CXX_LANGUAGE_STANDARD = "gnu++14";
				CLANG_CXX_LIBRARY = "libc++";
				CLANG_ENABLE_MODULES = YES;
				CLANG_ENABLE_OBJC_ARC = YES;
				CLANG_ENABLE_OBJC_WEAK = YES;
				CLANG_WARN_BLOCK_CAPTURE_AUTORELEASING = YES;
				CLANG_WARN_BOOL_CONVERSION = YES;
				CLANG_WARN_COMMA = YES;
				CLANG_WARN_CONSTANT_CONVERSION = YES;
				CLANG_WARN_DEPRECATED_OBJC_IMPLEMENTATIONS = YES;
				CLANG_WARN_DIRECT_OBJC_ISA_USAGE = YES_ERROR;
				CLANG_WARN_DOCUMENTATION_COMMENTS = YES;
				CLANG_WARN_EMPTY_BODY = YES;
				CLANG_WARN_ENUM_CONVERSION = YES;
				CLANG_WARN_INFINITE_RECURSION = YES;
				CLANG_WARN_INT_CONVERSION = YES;
				CLANG_WARN_NON_LITERAL_NULL_CONVERSION = YES;
				CLANG_WARN_OBJC_IMPLICIT_RETAIN_SELF = YES;
				CLANG_WARN_OBJC_LITERAL_CONVERSION = YES;
				CLANG_WARN_OBJC_ROOT_CLASS = YES_ERROR;
				CLANG_WARN_RANGE_LOOP_ANALYSIS = YES;
				CLANG_WARN_STRICT_PROTOTYPES = YES;
				CLANG_WARN_SUSPICIOUS_MOVE = YES;
				CLANG_WARN_UNGUARDED_AVAILABILITY = YES_AGGRESSIVE;
				CLANG_WARN_UNREACHABLE_CODE = YES;
				CLANG_WARN__DUPLICATE_METHOD_MATCH = YES;
				CODE_SIGN_IDENTITY = "iPhone Developer";
				COPY_PHASE_STRIP = NO;
				DEBUG_INFORMATION_FORMAT = dwarf;
				ENABLE_STRICT_OBJC_MSGSEND = YES;
				ENABLE_TESTABILITY = YES;
				GCC_C_LANGUAGE_STANDARD = gnu11;
				GCC_DYNAMIC_NO_PIC = NO;
				GCC_NO_COMMON_BLOCKS = YES;
				GCC_OPTIMIZATION_LEVEL = 0;
				GCC_PREPROCESSOR_DEFINITIONS = (
					"DEBUG=1",
					"$(inherited)",
				);
				GCC_WARN_64_TO_32_BIT_CONVERSION = YES;
				GCC_WARN_ABOUT_RETURN_TYPE = YES_ERROR;
				GCC_WARN_UNDECLARED_SELECTOR = YES;
				GCC_WARN_UNINITIALIZED_AUTOS = YES_AGGRESSIVE;
				GCC_WARN_UNUSED_FUNCTION = YES;
				GCC_WARN_UNUSED_VARIABLE = YES;
				IPHONEOS_DEPLOYMENT_TARGET = 12.2;
				MTL_ENABLE_DEBUG_INFO = INCLUDE_SOURCE;
				MTL_FAST_MATH = YES;
				ONLY_ACTIVE_ARCH = YES;
				SDKROOT = iphoneos;
				SWIFT_ACTIVE_COMPILATION_CONDITIONS = DEBUG;
				SWIFT_OPTIMIZATION_LEVEL = "-Onone";
			};
			name = Debug;
		};
		84F28BD622864A92009A6598 /* Release */ = {
			isa = XCBuildConfiguration;
			buildSettings = {
				ALWAYS_SEARCH_USER_PATHS = NO;
				CLANG_ANALYZER_NONNULL = YES;
				CLANG_ANALYZER_NUMBER_OBJECT_CONVERSION = YES_AGGRESSIVE;
				CLANG_CXX_LANGUAGE_STANDARD = "gnu++14";
				CLANG_CXX_LIBRARY = "libc++";
				CLANG_ENABLE_MODULES = YES;
				CLANG_ENABLE_OBJC_ARC = YES;
				CLANG_ENABLE_OBJC_WEAK = YES;
				CLANG_WARN_BLOCK_CAPTURE_AUTORELEASING = YES;
				CLANG_WARN_BOOL_CONVERSION = YES;
				CLANG_WARN_COMMA = YES;
				CLANG_WARN_CONSTANT_CONVERSION = YES;
				CLANG_WARN_DEPRECATED_OBJC_IMPLEMENTATIONS = YES;
				CLANG_WARN_DIRECT_OBJC_ISA_USAGE = YES_ERROR;
				CLANG_WARN_DOCUMENTATION_COMMENTS = YES;
				CLANG_WARN_EMPTY_BODY = YES;
				CLANG_WARN_ENUM_CONVERSION = YES;
				CLANG_WARN_INFINITE_RECURSION = YES;
				CLANG_WARN_INT_CONVERSION = YES;
				CLANG_WARN_NON_LITERAL_NULL_CONVERSION = YES;
				CLANG_WARN_OBJC_IMPLICIT_RETAIN_SELF = YES;
				CLANG_WARN_OBJC_LITERAL_CONVERSION = YES;
				CLANG_WARN_OBJC_ROOT_CLASS = YES_ERROR;
				CLANG_WARN_RANGE_LOOP_ANALYSIS = YES;
				CLANG_WARN_STRICT_PROTOTYPES = YES;
				CLANG_WARN_SUSPICIOUS_MOVE = YES;
				CLANG_WARN_UNGUARDED_AVAILABILITY = YES_AGGRESSIVE;
				CLANG_WARN_UNREACHABLE_CODE = YES;
				CLANG_WARN__DUPLICATE_METHOD_MATCH = YES;
				CODE_SIGN_IDENTITY = "iPhone Developer";
				COPY_PHASE_STRIP = NO;
				DEBUG_INFORMATION_FORMAT = "dwarf-with-dsym";
				ENABLE_NS_ASSERTIONS = NO;
				ENABLE_STRICT_OBJC_MSGSEND = YES;
				GCC_C_LANGUAGE_STANDARD = gnu11;
				GCC_NO_COMMON_BLOCKS = YES;
				GCC_WARN_64_TO_32_BIT_CONVERSION = YES;
				GCC_WARN_ABOUT_RETURN_TYPE = YES_ERROR;
				GCC_WARN_UNDECLARED_SELECTOR = YES;
				GCC_WARN_UNINITIALIZED_AUTOS = YES_AGGRESSIVE;
				GCC_WARN_UNUSED_FUNCTION = YES;
				GCC_WARN_UNUSED_VARIABLE = YES;
				IPHONEOS_DEPLOYMENT_TARGET = 12.2;
				MTL_ENABLE_DEBUG_INFO = NO;
				MTL_FAST_MATH = YES;
				SDKROOT = iphoneos;
				SWIFT_COMPILATION_MODE = wholemodule;
				SWIFT_OPTIMIZATION_LEVEL = "-O";
				VALIDATE_PRODUCT = YES;
			};
			name = Release;
		};
		84F28BD822864A92009A6598 /* Debug */ = {
			isa = XCBuildConfiguration;
			baseConfigurationReference = 29813F613F07F4FE79009C4F /* Pods-Flower Recognition App.debug.xcconfig */;
			buildSettings = {
				ASSETCATALOG_COMPILER_APPICON_NAME = AppIcon;
				CODE_SIGN_STYLE = Automatic;
				DEVELOPMENT_TEAM = 3AFUDZWC67;
				INFOPLIST_FILE = "Flower Recognition App/Info.plist";
				IPHONEOS_DEPLOYMENT_TARGET = 12.0;
				LD_RUNPATH_SEARCH_PATHS = (
					"$(inherited)",
					"@executable_path/Frameworks",
				);
				PRODUCT_BUNDLE_IDENTIFIER = "com.dennismarks.Flower-Recognition-App";
				PRODUCT_NAME = "$(TARGET_NAME)";
				SWIFT_VERSION = 5.0;
				TARGETED_DEVICE_FAMILY = "1,2";
			};
			name = Debug;
		};
		84F28BD922864A92009A6598 /* Release */ = {
			isa = XCBuildConfiguration;
			baseConfigurationReference = F6A7F64E85335D6BE9D48BEB /* Pods-Flower Recognition App.release.xcconfig */;
			buildSettings = {
				ASSETCATALOG_COMPILER_APPICON_NAME = AppIcon;
				CODE_SIGN_STYLE = Automatic;
				DEVELOPMENT_TEAM = 3AFUDZWC67;
				INFOPLIST_FILE = "Flower Recognition App/Info.plist";
				IPHONEOS_DEPLOYMENT_TARGET = 12.0;
				LD_RUNPATH_SEARCH_PATHS = (
					"$(inherited)",
					"@executable_path/Frameworks",
				);
				PRODUCT_BUNDLE_IDENTIFIER = "com.dennismarks.Flower-Recognition-App";
				PRODUCT_NAME = "$(TARGET_NAME)";
				SWIFT_VERSION = 5.0;
				TARGETED_DEVICE_FAMILY = "1,2";
			};
			name = Release;
		};
/* End XCBuildConfiguration section */

/* Begin XCConfigurationList section */
		84F28BC022864A91009A6598 /* Build configuration list for PBXProject "Flower Recognition App" */ = {
			isa = XCConfigurationList;
			buildConfigurations = (
				84F28BD522864A92009A6598 /* Debug */,
				84F28BD622864A92009A6598 /* Release */,
			);
			defaultConfigurationIsVisible = 0;
			defaultConfigurationName = Release;
		};
		84F28BD722864A92009A6598 /* Build configuration list for PBXNativeTarget "Flower Recognition App" */ = {
			isa = XCConfigurationList;
			buildConfigurations = (
				84F28BD822864A92009A6598 /* Debug */,
				84F28BD922864A92009A6598 /* Release */,
			);
			defaultConfigurationIsVisible = 0;
			defaultConfigurationName = Release;
		};
/* End XCConfigurationList section */
	};
	rootObject = 84F28BBD22864A91009A6598 /* Project object */;
}
